
Microsoft Visual Studio Solution File, Format Version 12.00
# Visual Studio Version 16
VisualStudioVersion = 16.0.30114.105
MinimumVisualStudioVersion = 10.0.40219.1
Project("{2150E333-8FDC-42A3-9474-1A3956D46DE8}") = "src", "src", "{38661A96-7FD7-443D-9305-2396E44DAFB0}"
	ProjectSection(SolutionItems) = preProject
		.config\SourceLink.Directory.build.props = .config\SourceLink.Directory.build.props
	EndProjectSection
EndProject
Project("{2150E333-8FDC-42A3-9474-1A3956D46DE8}") = "tests", "tests", "{220E3B77-98A6-40DF-AA5E-7129B5C2060E}"
EndProject
Project("{2150E333-8FDC-42A3-9474-1A3956D46DE8}") = "samples", "samples", "{CFF579D2-EDFB-42B3-98CB-642955B3B683}"
EndProject
Project("{2150E333-8FDC-42A3-9474-1A3956D46DE8}") = "Configuration", "Configuration", "{F927A71F-6796-4D9B-9150-FBED4FCBEF33}"
	ProjectSection(SolutionItems) = preProject
		.config\.editorconfig = .config\.editorconfig
		.config\.gitignore-dotnet = .config\.gitignore-dotnet
		.config\Directory.Build.props = .config\Directory.Build.props
		.config\Directory.Build.targets = .config\Directory.Build.targets
		.config\dotnet.ruleset = .config\dotnet.ruleset
		.config\GitVersion.yml = .config\GitVersion.yml
		.config\stylecop.json = .config\stylecop.json
		.config\xunit.runner.json = .config\xunit.runner.json
	EndProjectSection
EndProject
Global
	GlobalSection(SolutionConfigurationPlatforms) = preSolution
		Debug|Any CPU = Debug|Any CPU
		Debug|x64 = Debug|x64
		Debug|x86 = Debug|x86
		Release|Any CPU = Release|Any CPU
		Release|x64 = Release|x64
		Release|x86 = Release|x86
	EndGlobalSection
	GlobalSection(SolutionProperties) = preSolution
		HideSolutionNode = FALSE
	EndGlobalSection
	GlobalSection(ExtensibilityGlobals) = postSolution
		SolutionGuid = {DF7A7BFD-B414-4CC7-8A64-DE2E2E847886}
	EndGlobalSection
EndGlobal
