
Microsoft Visual Studio Solution File, Format Version 12.00
# Visual Studio Version 17
VisualStudioVersion = 17.0.32014.148
MinimumVisualStudioVersion = 10.0.40219.1
Project("{2150E333-8FDC-42A3-9474-1A3956D46DE8}") = "src", "src", "{38661A96-7FD7-443D-9305-2396E44DAFB0}"
	ProjectSection(SolutionItems) = preProject
		.config\SourceLink.Directory.build.props = .config\SourceLink.Directory.build.props
	EndProjectSection
EndProject
Project("{2150E333-8FDC-42A3-9474-1A3956D46DE8}") = "tests", "tests", "{220E3B77-98A6-40DF-AA5E-7129B5C2060E}"
EndProject
Project("{2150E333-8FDC-42A3-9474-1A3956D46DE8}") = "samples", "samples", "{CFF579D2-EDFB-42B3-98CB-642955B3B683}"
EndProject
Project("{2150E333-8FDC-42A3-9474-1A3956D46DE8}") = "Configuration", "Configuration", "{F927A71F-6796-4D9B-9150-FBED4FCBEF33}"
	ProjectSection(SolutionItems) = preProject
		.config\.editorconfig = .config\.editorconfig
		.config\.gitignore-dotnet = .config\.gitignore-dotnet
		.config\Directory.Build.props = .config\Directory.Build.props
		.config\Directory.Build.targets = .config\Directory.Build.targets
		.config\dotnet.ruleset = .config\dotnet.ruleset
		.config\GitVersion.yml = .config\GitVersion.yml
		.config\stylecop.json = .config\stylecop.json
		.config\xunit.runner.json = .config\xunit.runner.json
	EndProjectSection
EndProject
Project("{FAE04EC0-301F-11D3-BF4B-00C04F79EFBC}") = "Calculator.Core", "src\Calculator.Core\Calculator.Core.csproj", "{233E7469-5D52-49CC-BD33-FDBE3F55C3B5}"
EndProject
Project("{FAE04EC0-301F-11D3-BF4B-00C04F79EFBC}") = "Calculator.CoreTests", "tests\Calculator.CoreTests\Calculator.CoreTests.csproj", "{0CCF1095-3547-47DD-B42E-CABC7B8656FD}"
EndProject
Global
	GlobalSection(SolutionConfigurationPlatforms) = preSolution
		Debug|Any CPU = Debug|Any CPU
		Debug|x64 = Debug|x64
		Debug|x86 = Debug|x86
		Release|Any CPU = Release|Any CPU
		Release|x64 = Release|x64
		Release|x86 = Release|x86
	EndGlobalSection
	GlobalSection(ProjectConfigurationPlatforms) = postSolution
		{233E7469-5D52-49CC-BD33-FDBE3F55C3B5}.Debug|Any CPU.ActiveCfg = Debug|Any CPU
		{233E7469-5D52-49CC-BD33-FDBE3F55C3B5}.Debug|Any CPU.Build.0 = Debug|Any CPU
		{233E7469-5D52-49CC-BD33-FDBE3F55C3B5}.Debug|x64.ActiveCfg = Debug|Any CPU
		{233E7469-5D52-49CC-BD33-FDBE3F55C3B5}.Debug|x64.Build.0 = Debug|Any CPU
		{233E7469-5D52-49CC-BD33-FDBE3F55C3B5}.Debug|x86.ActiveCfg = Debug|Any CPU
		{233E7469-5D52-49CC-BD33-FDBE3F55C3B5}.Debug|x86.Build.0 = Debug|Any CPU
		{233E7469-5D52-49CC-BD33-FDBE3F55C3B5}.Release|Any CPU.ActiveCfg = Release|Any CPU
		{233E7469-5D52-49CC-BD33-FDBE3F55C3B5}.Release|Any CPU.Build.0 = Release|Any CPU
		{233E7469-5D52-49CC-BD33-FDBE3F55C3B5}.Release|x64.ActiveCfg = Release|Any CPU
		{233E7469-5D52-49CC-BD33-FDBE3F55C3B5}.Release|x64.Build.0 = Release|Any CPU
		{233E7469-5D52-49CC-BD33-FDBE3F55C3B5}.Release|x86.ActiveCfg = Release|Any CPU
		{233E7469-5D52-49CC-BD33-FDBE3F55C3B5}.Release|x86.Build.0 = Release|Any CPU
		{0CCF1095-3547-47DD-B42E-CABC7B8656FD}.Debug|Any CPU.ActiveCfg = Debug|Any CPU
		{0CCF1095-3547-47DD-B42E-CABC7B8656FD}.Debug|Any CPU.Build.0 = Debug|Any CPU
		{0CCF1095-3547-47DD-B42E-CABC7B8656FD}.Debug|x64.ActiveCfg = Debug|Any CPU
		{0CCF1095-3547-47DD-B42E-CABC7B8656FD}.Debug|x64.Build.0 = Debug|Any CPU
		{0CCF1095-3547-47DD-B42E-CABC7B8656FD}.Debug|x86.ActiveCfg = Debug|Any CPU
		{0CCF1095-3547-47DD-B42E-CABC7B8656FD}.Debug|x86.Build.0 = Debug|Any CPU
		{0CCF1095-3547-47DD-B42E-CABC7B8656FD}.Release|Any CPU.ActiveCfg = Release|Any CPU
		{0CCF1095-3547-47DD-B42E-CABC7B8656FD}.Release|Any CPU.Build.0 = Release|Any CPU
		{0CCF1095-3547-47DD-B42E-CABC7B8656FD}.Release|x64.ActiveCfg = Release|Any CPU
		{0CCF1095-3547-47DD-B42E-CABC7B8656FD}.Release|x64.Build.0 = Release|Any CPU
		{0CCF1095-3547-47DD-B42E-CABC7B8656FD}.Release|x86.ActiveCfg = Release|Any CPU
		{0CCF1095-3547-47DD-B42E-CABC7B8656FD}.Release|x86.Build.0 = Release|Any CPU
	EndGlobalSection
	GlobalSection(SolutionProperties) = preSolution
		HideSolutionNode = FALSE
	EndGlobalSection
	GlobalSection(NestedProjects) = preSolution
		{233E7469-5D52-49CC-BD33-FDBE3F55C3B5} = {38661A96-7FD7-443D-9305-2396E44DAFB0}
		{0CCF1095-3547-47DD-B42E-CABC7B8656FD} = {220E3B77-98A6-40DF-AA5E-7129B5C2060E}
	EndGlobalSection
	GlobalSection(ExtensibilityGlobals) = postSolution
		SolutionGuid = {DF7A7BFD-B414-4CC7-8A64-DE2E2E847886}
	EndGlobalSection
EndGlobal
